<?xml version="1.0" encoding="utf-8"?>
<Project ToolsVersion="4.0" xmlns="http://schemas.microsoft.com/developer/msbuild/2003">
  <ItemGroup>
    <Filter Include="Pliki źródłowe">
      <UniqueIdentifier>{4FC737F1-C7A5-4376-A066-2A32D752A2FF}</UniqueIdentifier>
      <Extensions>cpp;c;cc;cxx;c++;cppm;ixx;def;odl;idl;hpj;bat;asm;asmx</Extensions>
    </Filter>
    <Filter Include="Pliki nagłówkowe">
      <UniqueIdentifier>{93995380-89BD-4b04-88EB-625FBE52EBFB}</UniqueIdentifier>
      <Extensions>h;hh;hpp;hxx;h++;hm;inl;inc;ipp;xsd</Extensions>
    </Filter>
    <Filter Include="Pliki zasobów">
      <UniqueIdentifier>{67DA6AB6-F800-4c08-8B7A-83BB121AAD01}</UniqueIdentifier>
      <Extensions>rc;ico;cur;bmp;dlg;rc2;rct;bin;rgs;gif;jpg;jpeg;jpe;resx;tiff;tif;png;wav;mfcribbon-ms</Extensions>
    </Filter>
    <Filter Include="Pliki nagłówkowe\ext">
      <UniqueIdentifier>{79ffe7c0-4313-41ec-bc1d-f388f451fd70}</UniqueIdentifier>
    </Filter>
    <Filter Include="Pliki źródłowe\ext">
      <UniqueIdentifier>{d4aa156b-6591-44e6-89cf-4cef097a7e45}</UniqueIdentifier>
    </Filter>
    <Filter Include="Pliki źródłowe\ext\enumser">
      <UniqueIdentifier>{4f5b508f-a776-42c0-be87-55c8dc60fd76}</UniqueIdentifier>
    </Filter>
    <Filter Include="Pliki nagłówkowe\ext\enumser">
      <UniqueIdentifier>{30b1449e-3eca-4037-b27a-b6add4395ee0}</UniqueIdentifier>
    </Filter>
    <Filter Include="Pliki nagłówkowe\unused">
      <UniqueIdentifier>{bb31694b-096f-412a-86f5-2bb88e0f86a0}</UniqueIdentifier>
    </Filter>
    <Filter Include="Pliki źródłowe\unused">
      <UniqueIdentifier>{644fee7c-94ec-45eb-8cc9-b11098677cba}</UniqueIdentifier>
    </Filter>
    <Filter Include="Pliki nagłówkowe\ext\ceSerial">
      <UniqueIdentifier>{c0397b10-0af9-4e1d-a257-50803fca17ec}</UniqueIdentifier>
    </Filter>
    <Filter Include="Pliki źródłowe\ext\ceSerial">
      <UniqueIdentifier>{6d347a6b-132c-49c6-927f-4c72c40b22eb}</UniqueIdentifier>
    </Filter>
  </ItemGroup>
  <ItemGroup>
    <ClInclude Include="src\GUIManager.hpp">
      <Filter>Pliki nagłówkowe</Filter>
    </ClInclude>
    <ClInclude Include="src\Launcher.hpp">
      <Filter>Pliki nagłówkowe</Filter>
    </ClInclude>
    <ClInclude Include="src\MainWindow.hpp">
      <Filter>Pliki nagłówkowe</Filter>
    </ClInclude>
    <ClInclude Include="src\TestCase.hpp">
      <Filter>Pliki nagłówkowe</Filter>
    </ClInclude>
    <ClInclude Include="src\TCManager.hpp">
      <Filter>Pliki nagłówkowe</Filter>
    </ClInclude>
    <ClInclude Include="src\SerialCom.hpp">
      <Filter>Pliki nagłówkowe</Filter>
    </ClInclude>
    <ClInclude Include="ext\enumser\stdafx.h">
      <Filter>Pliki nagłówkowe\ext\enumser</Filter>
    </ClInclude>
    <ClInclude Include="ext\enumser\enumser.h">
      <Filter>Pliki nagłówkowe\ext\enumser</Filter>
    </ClInclude>
    <ClInclude Include="src\TCParser.hpp">
      <Filter>Pliki nagłówkowe\unused</Filter>
    </ClInclude>
    <ClInclude Include="ext\serial-master\ceSerial.h">
      <Filter>Pliki nagłówkowe\ext\ceSerial</Filter>
    </ClInclude>
  </ItemGroup>
  <ItemGroup>
    <ClCompile Include="src\GUIManager.cpp">
      <Filter>Pliki źródłowe</Filter>
    </ClCompile>
    <ClCompile Include="src\Launcher.cpp">
      <Filter>Pliki źródłowe</Filter>
    </ClCompile>
    <ClCompile Include="src\MainWindow.cpp">
      <Filter>Pliki źródłowe</Filter>
    </ClCompile>
    <ClCompile Include="src\TCManager.cpp">
      <Filter>Pliki źródłowe</Filter>
    </ClCompile>
    <ClCompile Include="src\SerialCom.cpp">
      <Filter>Pliki źródłowe</Filter>
    </ClCompile>
    <ClCompile Include="ext\enumser\stdafx.cpp">
      <Filter>Pliki źródłowe\ext\enumser</Filter>
    </ClCompile>
    <ClCompile Include="ext\enumser\enumser.cpp">
      <Filter>Pliki źródłowe\ext\enumser</Filter>
    </ClCompile>
    <ClCompile Include="src\TCtable.cpp">
      <Filter>Pliki źródłowe</Filter>
    </ClCompile>
    <ClCompile Include="src\TCParser.cpp">
      <Filter>Pliki źródłowe\unused</Filter>
    </ClCompile>
    <ClCompile Include="ext\serial-master\ceSerial.cpp">
      <Filter>Pliki źródłowe\ext\ceSerial</Filter>
    </ClCompile>
  </ItemGroup>
</Project>